
Microsoft Visual Studio Solution File, Format Version 12.00
# Visual Studio Version 17
VisualStudioVersion = 17.13.35931.197 d17.13
MinimumVisualStudioVersion = 10.0.40219.1
Project("{FAE04EC0-301F-11D3-BF4B-00C04F79EFBC}") = "TravelApi", "TravelApi.csproj", "{401020AB-7EB9-426D-8992-17A0A4976A1F}"
EndProject
Global
	GlobalSection(SolutionConfigurationPlatforms) = preSolution
		Debug|Any CPU = Debug|Any CPU
		Release|Any CPU = Release|Any CPU
	EndGlobalSection
	GlobalSection(ProjectConfigurationPlatforms) = postSolution
		{401020AB-7EB9-426D-8992-17A0A4976A1F}.Debug|Any CPU.ActiveCfg = Debug|Any CPU
		{401020AB-7EB9-426D-8992-17A0A4976A1F}.Debug|Any CPU.Build.0 = Debug|Any CPU
		{401020AB-7EB9-426D-8992-17A0A4976A1F}.Release|Any CPU.ActiveCfg = Release|Any CPU
		{401020AB-7EB9-426D-8992-17A0A4976A1F}.Release|Any CPU.Build.0 = Release|Any CPU
	EndGlobalSection
	GlobalSection(SolutionProperties) = preSolution
		HideSolutionNode = FALSE
	EndGlobalSection
	GlobalSection(ExtensibilityGlobals) = postSolution
		SolutionGuid = {57E55B92-F7CC-4DC5-8A68-B0D0C09561F9}
	EndGlobalSection
EndGlobal
